
Microsoft Visual Studio Solution File, Format Version 12.00
# Visual Studio Version 17
VisualStudioVersion = 17.9.34902.65
MinimumVisualStudioVersion = 10.0.40219.1
Project("{FAE04EC0-301F-11D3-BF4B-00C04F79EFBC}") = "Pampazon.GrupoB.Prototipos", "Pampazon.GrupoB.Prototipos\Pampazon.GrupoB.Prototipos.csproj", "{DA4C67F5-DCF6-40B6-A5E2-BE0443DC93F7}"
EndProject
Global
	GlobalSection(SolutionConfigurationPlatforms) = preSolution
		Debug|Any CPU = Debug|Any CPU
		Release|Any CPU = Release|Any CPU
	EndGlobalSection
	GlobalSection(ProjectConfigurationPlatforms) = postSolution
		{DA4C67F5-DCF6-40B6-A5E2-BE0443DC93F7}.Debug|Any CPU.ActiveCfg = Debug|Any CPU
		{DA4C67F5-DCF6-40B6-A5E2-BE0443DC93F7}.Debug|Any CPU.Build.0 = Debug|Any CPU
		{DA4C67F5-DCF6-40B6-A5E2-BE0443DC93F7}.Release|Any CPU.ActiveCfg = Release|Any CPU
		{DA4C67F5-DCF6-40B6-A5E2-BE0443DC93F7}.Release|Any CPU.Build.0 = Release|Any CPU
	EndGlobalSection
	GlobalSection(SolutionProperties) = preSolution
		HideSolutionNode = FALSE
	EndGlobalSection
	GlobalSection(ExtensibilityGlobals) = postSolution
		SolutionGuid = {A5D408CB-0A66-4BD0-8346-29E8DB3A4403}
	EndGlobalSection
EndGlobal
